
Microsoft Visual Studio Solution File, Format Version 12.00
# Visual Studio Version 16
VisualStudioVersion = 16.0.29519.181
MinimumVisualStudioVersion = 10.0.40219.1
Project("{8BC9CEB8-8B4A-11D0-8D11-00A0C91BC942}") = "rozniczki2", "rozniczki2\rozniczki2.vcxproj", "{F2CCE216-E8BC-4319-BC63-229E61720C25}"
EndProject
Global
	GlobalSection(SolutionConfigurationPlatforms) = preSolution
		Debug|x64 = Debug|x64
		Debug|x86 = Debug|x86
		Release|x64 = Release|x64
		Release|x86 = Release|x86
	EndGlobalSection
	GlobalSection(ProjectConfigurationPlatforms) = postSolution
		{F2CCE216-E8BC-4319-BC63-229E61720C25}.Debug|x64.ActiveCfg = Debug|x64
		{F2CCE216-E8BC-4319-BC63-229E61720C25}.Debug|x64.Build.0 = Debug|x64
		{F2CCE216-E8BC-4319-BC63-229E61720C25}.Debug|x86.ActiveCfg = Debug|Win32
		{F2CCE216-E8BC-4319-BC63-229E61720C25}.Debug|x86.Build.0 = Debug|Win32
		{F2CCE216-E8BC-4319-BC63-229E61720C25}.Release|x64.ActiveCfg = Release|x64
		{F2CCE216-E8BC-4319-BC63-229E61720C25}.Release|x64.Build.0 = Release|x64
		{F2CCE216-E8BC-4319-BC63-229E61720C25}.Release|x86.ActiveCfg = Release|Win32
		{F2CCE216-E8BC-4319-BC63-229E61720C25}.Release|x86.Build.0 = Release|Win32
	EndGlobalSection
	GlobalSection(SolutionProperties) = preSolution
		HideSolutionNode = FALSE
	EndGlobalSection
	GlobalSection(ExtensibilityGlobals) = postSolution
		SolutionGuid = {C20CA5B4-CE2B-45CA-B4C1-1E77B0D2142B}
	EndGlobalSection
EndGlobal
